
Microsoft Visual Studio Solution File, Format Version 12.00
# Visual Studio Version 17
VisualStudioVersion = 17.6.33723.286
MinimumVisualStudioVersion = 10.0.40219.1
Project("{FAE04EC0-301F-11D3-BF4B-00C04F79EFBC}") = "Autoimplimentedprop", "Autoimplimentedprop\Autoimplimentedprop.csproj", "{5F3914AD-40D8-4FE0-A396-B9B8D9DD4590}"
EndProject
Global
	GlobalSection(SolutionConfigurationPlatforms) = preSolution
		Debug|Any CPU = Debug|Any CPU
		Release|Any CPU = Release|Any CPU
	EndGlobalSection
	GlobalSection(ProjectConfigurationPlatforms) = postSolution
		{5F3914AD-40D8-4FE0-A396-B9B8D9DD4590}.Debug|Any CPU.ActiveCfg = Debug|Any CPU
		{5F3914AD-40D8-4FE0-A396-B9B8D9DD4590}.Debug|Any CPU.Build.0 = Debug|Any CPU
		{5F3914AD-40D8-4FE0-A396-B9B8D9DD4590}.Release|Any CPU.ActiveCfg = Release|Any CPU
		{5F3914AD-40D8-4FE0-A396-B9B8D9DD4590}.Release|Any CPU.Build.0 = Release|Any CPU
	EndGlobalSection
	GlobalSection(SolutionProperties) = preSolution
		HideSolutionNode = FALSE
	EndGlobalSection
	GlobalSection(ExtensibilityGlobals) = postSolution
		SolutionGuid = {138E6F82-509D-4F43-A907-1D1EBE3768E4}
	EndGlobalSection
EndGlobal
